# This file is automatically @generated by Cargo.
# It is not intended for manual editing.
version = 4

[[package]]
name = "ops-audit"
version = "0.1.0"

[[package]]
name = "ops-bridge"
version = "0.1.0"

[[package]]
name = "ops-cli"
version = "0.1.0"

[[package]]
name = "ops-conductor"
version = "0.1.0"

[[package]]
name = "ops-core"
version = "0.1.0"

[[package]]
name = "ops-policy"
version = "0.1.0"

[[package]]
name = "ops-runtime"
version = "0.1.0"

[[package]]
name = "ops-store"
version = "0.1.0"
